
Microsoft Visual Studio Solution File, Format Version 11.00
# Visual Studio 2010
Project("{FAE04EC0-301F-11D3-BF4B-00C04F79EFBC}") = "SQLiteExtensions_iOS", "iOS\SQLiteExtensions_iOS.csproj", "{50EEF6C9-7587-4094-8161-0F926975A307}"
EndProject
Global
	GlobalSection(SolutionConfigurationPlatforms) = preSolution
		Debug|iPhoneSimulator = Debug|iPhoneSimulator
		Release|iPhoneSimulator = Release|iPhoneSimulator
		Debug|iPhone = Debug|iPhone
		Release|iPhone = Release|iPhone
		Ad-Hoc|iPhone = Ad-Hoc|iPhone
		AppStore|iPhone = AppStore|iPhone
	EndGlobalSection
	GlobalSection(ProjectConfigurationPlatforms) = postSolution
		{50EEF6C9-7587-4094-8161-0F926975A307}.Ad-Hoc|iPhone.ActiveCfg = Ad-Hoc|iPhone
		{50EEF6C9-7587-4094-8161-0F926975A307}.Ad-Hoc|iPhone.Build.0 = Ad-Hoc|iPhone
		{50EEF6C9-7587-4094-8161-0F926975A307}.AppStore|iPhone.ActiveCfg = AppStore|iPhone
		{50EEF6C9-7587-4094-8161-0F926975A307}.AppStore|iPhone.Build.0 = AppStore|iPhone
		{50EEF6C9-7587-4094-8161-0F926975A307}.Debug|iPhone.ActiveCfg = Debug|iPhone
		{50EEF6C9-7587-4094-8161-0F926975A307}.Debug|iPhone.Build.0 = Debug|iPhone
		{50EEF6C9-7587-4094-8161-0F926975A307}.Debug|iPhoneSimulator.ActiveCfg = Debug|iPhoneSimulator
		{50EEF6C9-7587-4094-8161-0F926975A307}.Debug|iPhoneSimulator.Build.0 = Debug|iPhoneSimulator
		{50EEF6C9-7587-4094-8161-0F926975A307}.Release|iPhone.ActiveCfg = Release|iPhone
		{50EEF6C9-7587-4094-8161-0F926975A307}.Release|iPhone.Build.0 = Release|iPhone
		{50EEF6C9-7587-4094-8161-0F926975A307}.Release|iPhoneSimulator.ActiveCfg = Release|iPhoneSimulator
		{50EEF6C9-7587-4094-8161-0F926975A307}.Release|iPhoneSimulator.Build.0 = Release|iPhoneSimulator
	EndGlobalSection
	GlobalSection(MonoDevelopProperties) = preSolution
		StartupItem = iOS\SQLiteExtensions_iOS.csproj
	EndGlobalSection
EndGlobal
