
Microsoft Visual Studio Solution File, Format Version 11.00
# Visual Studio 2010
Project("{FAE04EC0-301F-11D3-BF4B-00C04F79EFBC}") = "SuperViewMemLeak", "SuperViewMemLeak\SuperViewMemLeak.csproj", "{5C615257-AE59-40B4-9BDC-1F614526BEAD}"
EndProject
Global
	GlobalSection(SolutionConfigurationPlatforms) = preSolution
		Debug|iPhoneSimulator = Debug|iPhoneSimulator
		Release|iPhoneSimulator = Release|iPhoneSimulator
		Debug|iPhone = Debug|iPhone
		Release|iPhone = Release|iPhone
		Ad-Hoc|iPhone = Ad-Hoc|iPhone
		AppStore|iPhone = AppStore|iPhone
	EndGlobalSection
	GlobalSection(ProjectConfigurationPlatforms) = postSolution
		{5C615257-AE59-40B4-9BDC-1F614526BEAD}.Ad-Hoc|iPhone.ActiveCfg = Ad-Hoc|iPhone
		{5C615257-AE59-40B4-9BDC-1F614526BEAD}.Ad-Hoc|iPhone.Build.0 = Ad-Hoc|iPhone
		{5C615257-AE59-40B4-9BDC-1F614526BEAD}.AppStore|iPhone.ActiveCfg = AppStore|iPhone
		{5C615257-AE59-40B4-9BDC-1F614526BEAD}.AppStore|iPhone.Build.0 = AppStore|iPhone
		{5C615257-AE59-40B4-9BDC-1F614526BEAD}.Debug|iPhone.ActiveCfg = Debug|iPhone
		{5C615257-AE59-40B4-9BDC-1F614526BEAD}.Debug|iPhone.Build.0 = Debug|iPhone
		{5C615257-AE59-40B4-9BDC-1F614526BEAD}.Debug|iPhoneSimulator.ActiveCfg = Debug|iPhoneSimulator
		{5C615257-AE59-40B4-9BDC-1F614526BEAD}.Debug|iPhoneSimulator.Build.0 = Debug|iPhoneSimulator
		{5C615257-AE59-40B4-9BDC-1F614526BEAD}.Release|iPhone.ActiveCfg = Release|iPhone
		{5C615257-AE59-40B4-9BDC-1F614526BEAD}.Release|iPhone.Build.0 = Release|iPhone
		{5C615257-AE59-40B4-9BDC-1F614526BEAD}.Release|iPhoneSimulator.ActiveCfg = Release|iPhoneSimulator
		{5C615257-AE59-40B4-9BDC-1F614526BEAD}.Release|iPhoneSimulator.Build.0 = Release|iPhoneSimulator
	EndGlobalSection
	GlobalSection(MonoDevelopProperties) = preSolution
		StartupItem = SuperViewMemLeak\SuperViewMemLeak.csproj
	EndGlobalSection
EndGlobal
