
Microsoft Visual Studio Solution File, Format Version 11.00
# Visual Studio 2010
Project("{FAE04EC0-301F-11D3-BF4B-00C04F79EFBC}") = "Rouble", "IOs\Rouble.csproj", "{0F5F2F1C-52CD-4DF6-84F7-223D5CCEAAE9}"
EndProject
Project("{FAE04EC0-301F-11D3-BF4B-00C04F79EFBC}") = "Rouble.Droid", "Droid\Rouble.Droid.csproj", "{D119DAC0-88F6-45FB-84E6-9535831B5036}"
EndProject
Global
	GlobalSection(SolutionConfigurationPlatforms) = preSolution
		Debug|iPhoneSimulator = Debug|iPhoneSimulator
		Release|iPhoneSimulator = Release|iPhoneSimulator
		Debug|iPhone = Debug|iPhone
		Release|iPhone = Release|iPhone
		Ad-Hoc|iPhone = Ad-Hoc|iPhone
		AppStore|iPhone = AppStore|iPhone
		Debug|Android = Debug|Android
		Release|Android = Release|Android
	EndGlobalSection
	GlobalSection(ProjectConfigurationPlatforms) = postSolution
		{0F5F2F1C-52CD-4DF6-84F7-223D5CCEAAE9}.Ad-Hoc|iPhone.ActiveCfg = Ad-Hoc|iPhone
		{0F5F2F1C-52CD-4DF6-84F7-223D5CCEAAE9}.Ad-Hoc|iPhone.Build.0 = Ad-Hoc|iPhone
		{0F5F2F1C-52CD-4DF6-84F7-223D5CCEAAE9}.AppStore|iPhone.ActiveCfg = AppStore|iPhone
		{0F5F2F1C-52CD-4DF6-84F7-223D5CCEAAE9}.AppStore|iPhone.Build.0 = AppStore|iPhone
		{0F5F2F1C-52CD-4DF6-84F7-223D5CCEAAE9}.Debug|Android.ActiveCfg = Debug|iPhoneSimulator
		{0F5F2F1C-52CD-4DF6-84F7-223D5CCEAAE9}.Debug|iPhone.ActiveCfg = Debug|iPhone
		{0F5F2F1C-52CD-4DF6-84F7-223D5CCEAAE9}.Debug|iPhone.Build.0 = Debug|iPhone
		{0F5F2F1C-52CD-4DF6-84F7-223D5CCEAAE9}.Debug|iPhoneSimulator.ActiveCfg = Debug|iPhoneSimulator
		{0F5F2F1C-52CD-4DF6-84F7-223D5CCEAAE9}.Debug|iPhoneSimulator.Build.0 = Debug|iPhoneSimulator
		{0F5F2F1C-52CD-4DF6-84F7-223D5CCEAAE9}.Release|Android.ActiveCfg = Debug|iPhoneSimulator
		{0F5F2F1C-52CD-4DF6-84F7-223D5CCEAAE9}.Release|iPhone.ActiveCfg = Release|iPhone
		{0F5F2F1C-52CD-4DF6-84F7-223D5CCEAAE9}.Release|iPhone.Build.0 = Release|iPhone
		{0F5F2F1C-52CD-4DF6-84F7-223D5CCEAAE9}.Release|iPhoneSimulator.ActiveCfg = Release|iPhoneSimulator
		{0F5F2F1C-52CD-4DF6-84F7-223D5CCEAAE9}.Release|iPhoneSimulator.Build.0 = Release|iPhoneSimulator
		{D119DAC0-88F6-45FB-84E6-9535831B5036}.Ad-Hoc|iPhone.ActiveCfg = Release|Any CPU
		{D119DAC0-88F6-45FB-84E6-9535831B5036}.AppStore|iPhone.ActiveCfg = Release|Any CPU
		{D119DAC0-88F6-45FB-84E6-9535831B5036}.Debug|Android.ActiveCfg = Debug|Any CPU
		{D119DAC0-88F6-45FB-84E6-9535831B5036}.Debug|Android.Build.0 = Debug|Any CPU
		{D119DAC0-88F6-45FB-84E6-9535831B5036}.Debug|iPhone.ActiveCfg = Debug|Any CPU
		{D119DAC0-88F6-45FB-84E6-9535831B5036}.Debug|iPhoneSimulator.ActiveCfg = Debug|Any CPU
		{D119DAC0-88F6-45FB-84E6-9535831B5036}.Release|Android.ActiveCfg = Debug|Any CPU
		{D119DAC0-88F6-45FB-84E6-9535831B5036}.Release|Android.Build.0 = Debug|Any CPU
		{D119DAC0-88F6-45FB-84E6-9535831B5036}.Release|iPhone.ActiveCfg = Release|Any CPU
		{D119DAC0-88F6-45FB-84E6-9535831B5036}.Release|iPhoneSimulator.ActiveCfg = Release|Any CPU
	EndGlobalSection
	GlobalSection(MonoDevelopProperties) = preSolution
		StartupItem = IOs\Rouble.csproj
	EndGlobalSection
EndGlobal
