
Microsoft Visual Studio Solution File, Format Version 11.00
# Visual Studio 2010
Project("{FAE04EC0-301F-11D3-BF4B-00C04F79EFBC}") = "Social_iOS", "IOs\Social_iOS.csproj", "{CC0EE67C-0932-4C64-A5D7-6714994CA602}"
EndProject
Project("{FAE04EC0-301F-11D3-BF4B-00C04F79EFBC}") = "Share_Android", "Share_Android\Share_Android.csproj", "{20BC4B3C-F3B5-48C1-85A2-150254720EDB}"
EndProject
Global
	GlobalSection(SolutionConfigurationPlatforms) = preSolution
		Debug|iPhoneSimulator = Debug|iPhoneSimulator
		Release|iPhoneSimulator = Release|iPhoneSimulator
		Debug|iPhone = Debug|iPhone
		Release|iPhone = Release|iPhone
		Ad-Hoc|iPhone = Ad-Hoc|iPhone
		AppStore|iPhone = AppStore|iPhone
	EndGlobalSection
	GlobalSection(ProjectConfigurationPlatforms) = postSolution
		{20BC4B3C-F3B5-48C1-85A2-150254720EDB}.Ad-Hoc|iPhone.ActiveCfg = Release|Any CPU
		{20BC4B3C-F3B5-48C1-85A2-150254720EDB}.Ad-Hoc|iPhone.Build.0 = Release|Any CPU
		{20BC4B3C-F3B5-48C1-85A2-150254720EDB}.AppStore|iPhone.ActiveCfg = Release|Any CPU
		{20BC4B3C-F3B5-48C1-85A2-150254720EDB}.AppStore|iPhone.Build.0 = Release|Any CPU
		{20BC4B3C-F3B5-48C1-85A2-150254720EDB}.Debug|iPhone.ActiveCfg = Debug|Any CPU
		{20BC4B3C-F3B5-48C1-85A2-150254720EDB}.Debug|iPhone.Build.0 = Debug|Any CPU
		{20BC4B3C-F3B5-48C1-85A2-150254720EDB}.Debug|iPhoneSimulator.ActiveCfg = Debug|Any CPU
		{20BC4B3C-F3B5-48C1-85A2-150254720EDB}.Debug|iPhoneSimulator.Build.0 = Debug|Any CPU
		{20BC4B3C-F3B5-48C1-85A2-150254720EDB}.Release|iPhone.ActiveCfg = Release|Any CPU
		{20BC4B3C-F3B5-48C1-85A2-150254720EDB}.Release|iPhone.Build.0 = Release|Any CPU
		{20BC4B3C-F3B5-48C1-85A2-150254720EDB}.Release|iPhoneSimulator.ActiveCfg = Release|Any CPU
		{20BC4B3C-F3B5-48C1-85A2-150254720EDB}.Release|iPhoneSimulator.Build.0 = Release|Any CPU
		{CC0EE67C-0932-4C64-A5D7-6714994CA602}.Ad-Hoc|iPhone.ActiveCfg = Ad-Hoc|iPhone
		{CC0EE67C-0932-4C64-A5D7-6714994CA602}.Ad-Hoc|iPhone.Build.0 = Ad-Hoc|iPhone
		{CC0EE67C-0932-4C64-A5D7-6714994CA602}.AppStore|iPhone.ActiveCfg = AppStore|iPhone
		{CC0EE67C-0932-4C64-A5D7-6714994CA602}.AppStore|iPhone.Build.0 = AppStore|iPhone
		{CC0EE67C-0932-4C64-A5D7-6714994CA602}.Debug|iPhone.ActiveCfg = Debug|iPhone
		{CC0EE67C-0932-4C64-A5D7-6714994CA602}.Debug|iPhone.Build.0 = Debug|iPhone
		{CC0EE67C-0932-4C64-A5D7-6714994CA602}.Debug|iPhoneSimulator.ActiveCfg = Debug|iPhoneSimulator
		{CC0EE67C-0932-4C64-A5D7-6714994CA602}.Debug|iPhoneSimulator.Build.0 = Debug|iPhoneSimulator
		{CC0EE67C-0932-4C64-A5D7-6714994CA602}.Release|iPhone.ActiveCfg = Release|iPhone
		{CC0EE67C-0932-4C64-A5D7-6714994CA602}.Release|iPhone.Build.0 = Release|iPhone
		{CC0EE67C-0932-4C64-A5D7-6714994CA602}.Release|iPhoneSimulator.ActiveCfg = Release|iPhoneSimulator
		{CC0EE67C-0932-4C64-A5D7-6714994CA602}.Release|iPhoneSimulator.Build.0 = Release|iPhoneSimulator
	EndGlobalSection
	GlobalSection(MonoDevelopProperties) = preSolution
		StartupItem = Share_Android\Share_Android.csproj
	EndGlobalSection
EndGlobal
